
Microsoft Visual Studio Solution File, Format Version 12.00
# Visual Studio 15
VisualStudioVersion = 15.0.27428.2037
MinimumVisualStudioVersion = 10.0.40219.1
Project("{FAE04EC0-301F-11D3-BF4B-00C04F79EFBC}") = "Relativity Custom Page Form", "Relativity Custom Page Form\Relativity Custom Page Form.csproj", "{5611AE3A-9428-4E83-9B26-A12F7B8FC75A}"
EndProject
Global
	GlobalSection(SolutionConfigurationPlatforms) = preSolution
		Debug|Any CPU = Debug|Any CPU
		Release|Any CPU = Release|Any CPU
	EndGlobalSection
	GlobalSection(ProjectConfigurationPlatforms) = postSolution
		{5611AE3A-9428-4E83-9B26-A12F7B8FC75A}.Debug|Any CPU.ActiveCfg = Debug|Any CPU
		{5611AE3A-9428-4E83-9B26-A12F7B8FC75A}.Debug|Any CPU.Build.0 = Debug|Any CPU
		{5611AE3A-9428-4E83-9B26-A12F7B8FC75A}.Release|Any CPU.ActiveCfg = Release|Any CPU
		{5611AE3A-9428-4E83-9B26-A12F7B8FC75A}.Release|Any CPU.Build.0 = Release|Any CPU
	EndGlobalSection
	GlobalSection(SolutionProperties) = preSolution
		HideSolutionNode = FALSE
	EndGlobalSection
	GlobalSection(ExtensibilityGlobals) = postSolution
		SolutionGuid = {821E9CBB-054C-4AFB-B89B-8911BC845FCA}
	EndGlobalSection
EndGlobal
