
Microsoft Visual Studio Solution File, Format Version 12.00
# Visual Studio 15
VisualStudioVersion = 15.0.27428.2037
MinimumVisualStudioVersion = 10.0.40219.1
Project("{FAE04EC0-301F-11D3-BF4B-00C04F79EFBC}") = "Relativity Custom Page MVC5", "Relativity Custom Page MVC5\Relativity Custom Page MVC5.csproj", "{FAEB5BB3-C81F-44E9-9336-582658F33A48}"
EndProject
Global
	GlobalSection(SolutionConfigurationPlatforms) = preSolution
		Debug|Any CPU = Debug|Any CPU
		Release|Any CPU = Release|Any CPU
	EndGlobalSection
	GlobalSection(ProjectConfigurationPlatforms) = postSolution
		{FAEB5BB3-C81F-44E9-9336-582658F33A48}.Debug|Any CPU.ActiveCfg = Debug|Any CPU
		{FAEB5BB3-C81F-44E9-9336-582658F33A48}.Debug|Any CPU.Build.0 = Debug|Any CPU
		{FAEB5BB3-C81F-44E9-9336-582658F33A48}.Release|Any CPU.ActiveCfg = Release|Any CPU
		{FAEB5BB3-C81F-44E9-9336-582658F33A48}.Release|Any CPU.Build.0 = Release|Any CPU
	EndGlobalSection
	GlobalSection(SolutionProperties) = preSolution
		HideSolutionNode = FALSE
	EndGlobalSection
	GlobalSection(ExtensibilityGlobals) = postSolution
		SolutionGuid = {DFA5EF75-6480-4207-B276-8B8715F88152}
	EndGlobalSection
EndGlobal
